
Microsoft Visual Studio Solution File, Format Version 10.00
# Visual Studio 2008
Project("{8BC9CEB8-8B4A-11D0-8D11-00A0C91BC942}") = "LibBaseWare", "Module\LibBaseware\LibBaseWare.vcproj", "{02DD6A4A-93F8-4448-A220-4C8A9D97FD82}"
EndProject
Project("{8BC9CEB8-8B4A-11D0-8D11-00A0C91BC942}") = "LibCommon", "Module\LibCommon\LibCommon.vcproj", "{D383B5F1-052C-4ADB-908F-08374663AD56}"
EndProject
Project("{8BC9CEB8-8B4A-11D0-8D11-00A0C91BC942}") = "TableGenerator", "Utils\TableGenerator\TableGenerator.vcproj", "{C971D90D-D01B-4675-9F93-78FDAD86EE5F}"
	ProjectSection(ProjectDependencies) = postProject
		{02DD6A4A-93F8-4448-A220-4C8A9D97FD82} = {02DD6A4A-93F8-4448-A220-4C8A9D97FD82}
	EndProjectSection
EndProject
Project("{8BC9CEB8-8B4A-11D0-8D11-00A0C91BC942}") = "LibNetwork", "Module\LibNetwork\LibNetwork.vcproj", "{3552539A-0911-4365-8D0A-4DF46E229E07}"
EndProject
Project("{FAE04EC0-301F-11D3-BF4B-00C04F79EFBC}") = "A2Data", "Utils\A2Data\A2Data.csproj", "{8A443861-54A7-4828-9AF2-9E3B22C84164}"
EndProject
Project("{FAE04EC0-301F-11D3-BF4B-00C04F79EFBC}") = "A2Monitor", "Utils\A2Monitor\A2Monitor.csproj", "{D71435CD-B68B-4780-BCE8-20926D59ACE2}"
EndProject
Project("{FAE04EC0-301F-11D3-BF4B-00C04F79EFBC}") = "A2Starter", "Utils\A2Starter\A2Starter.csproj", "{16A6E821-8E39-4D05-989B-E971437717F1}"
EndProject
Project("{FAE04EC0-301F-11D3-BF4B-00C04F79EFBC}") = "A2Common", "Utils\A2Common\A2Common.csproj", "{4585FEAF-F9C0-4C95-89AA-211EC258542E}"
EndProject
Project("{8BC9CEB8-8B4A-11D0-8D11-00A0C91BC942}") = "A2PatchRegistry", "Utils\A2PatchRegistry\A2PatchRegistry.vcproj", "{27308E2C-4D36-4CEA-AF38-758E3FDD40EF}"
	ProjectSection(ProjectDependencies) = postProject
		{02DD6A4A-93F8-4448-A220-4C8A9D97FD82} = {02DD6A4A-93F8-4448-A220-4C8A9D97FD82}
	EndProjectSection
EndProject
Project("{8BC9CEB8-8B4A-11D0-8D11-00A0C91BC942}") = "VersionUpdater", "Utils\VersionUpdater\VersionUpdater.vcproj", "{802279DE-2904-4E93-8DF3-1C0D0645F961}"
EndProject
Project("{8BC9CEB8-8B4A-11D0-8D11-00A0C91BC942}") = "FileConverter", "Utils\FileConverter\FileConverter.vcproj", "{B2572161-0CE1-4C30-AE0E-146F7C9D51BF}"
	ProjectSection(ProjectDependencies) = postProject
		{02DD6A4A-93F8-4448-A220-4C8A9D97FD82} = {02DD6A4A-93F8-4448-A220-4C8A9D97FD82}
	EndProjectSection
EndProject
Project("{8BC9CEB8-8B4A-11D0-8D11-00A0C91BC942}") = "ISSourcePathMaker", "Utils\ISSourcePathMaker\ISSourcePathMaker.vcproj", "{BA099339-96AF-4D97-A4E6-D8775D2C7931}"
	ProjectSection(ProjectDependencies) = postProject
		{02DD6A4A-93F8-4448-A220-4C8A9D97FD82} = {02DD6A4A-93F8-4448-A220-4C8A9D97FD82}
	EndProjectSection
EndProject
Global
	GlobalSection(SolutionConfigurationPlatforms) = preSolution
		Debug MFC|Any CPU = Debug MFC|Any CPU
		Debug MFC|Mixed Platforms = Debug MFC|Mixed Platforms
		Debug MFC|Win32 = Debug MFC|Win32
		Debug MFC|x64 = Debug MFC|x64
		Debug|Any CPU = Debug|Any CPU
		Debug|Mixed Platforms = Debug|Mixed Platforms
		Debug|Win32 = Debug|Win32
		Debug|x64 = Debug|x64
		Release MFC|Any CPU = Release MFC|Any CPU
		Release MFC|Mixed Platforms = Release MFC|Mixed Platforms
		Release MFC|Win32 = Release MFC|Win32
		Release MFC|x64 = Release MFC|x64
		Release|Any CPU = Release|Any CPU
		Release|Mixed Platforms = Release|Mixed Platforms
		Release|Win32 = Release|Win32
		Release|x64 = Release|x64
	EndGlobalSection
	GlobalSection(ProjectConfigurationPlatforms) = postSolution
		{02DD6A4A-93F8-4448-A220-4C8A9D97FD82}.Debug MFC|Any CPU.ActiveCfg = Debug MFC|x64
		{02DD6A4A-93F8-4448-A220-4C8A9D97FD82}.Debug MFC|Mixed Platforms.ActiveCfg = Debug MFC|x64
		{02DD6A4A-93F8-4448-A220-4C8A9D97FD82}.Debug MFC|Mixed Platforms.Build.0 = Debug MFC|x64
		{02DD6A4A-93F8-4448-A220-4C8A9D97FD82}.Debug MFC|Win32.ActiveCfg = Debug MFC|Win32
		{02DD6A4A-93F8-4448-A220-4C8A9D97FD82}.Debug MFC|Win32.Build.0 = Debug MFC|Win32
		{02DD6A4A-93F8-4448-A220-4C8A9D97FD82}.Debug MFC|x64.ActiveCfg = Debug MFC|Win32
		{02DD6A4A-93F8-4448-A220-4C8A9D97FD82}.Debug|Any CPU.ActiveCfg = Debug|x64
		{02DD6A4A-93F8-4448-A220-4C8A9D97FD82}.Debug|Mixed Platforms.ActiveCfg = Debug|Win32
		{02DD6A4A-93F8-4448-A220-4C8A9D97FD82}.Debug|Mixed Platforms.Build.0 = Debug|Win32
		{02DD6A4A-93F8-4448-A220-4C8A9D97FD82}.Debug|Win32.ActiveCfg = Debug|Win32
		{02DD6A4A-93F8-4448-A220-4C8A9D97FD82}.Debug|Win32.Build.0 = Debug|Win32
		{02DD6A4A-93F8-4448-A220-4C8A9D97FD82}.Debug|x64.ActiveCfg = Debug|x64
		{02DD6A4A-93F8-4448-A220-4C8A9D97FD82}.Debug|x64.Build.0 = Debug|x64
		{02DD6A4A-93F8-4448-A220-4C8A9D97FD82}.Release MFC|Any CPU.ActiveCfg = Release MFC|x64
		{02DD6A4A-93F8-4448-A220-4C8A9D97FD82}.Release MFC|Mixed Platforms.ActiveCfg = Release MFC|x64
		{02DD6A4A-93F8-4448-A220-4C8A9D97FD82}.Release MFC|Mixed Platforms.Build.0 = Release MFC|x64
		{02DD6A4A-93F8-4448-A220-4C8A9D97FD82}.Release MFC|Win32.ActiveCfg = Release MFC|Win32
		{02DD6A4A-93F8-4448-A220-4C8A9D97FD82}.Release MFC|Win32.Build.0 = Release MFC|Win32
		{02DD6A4A-93F8-4448-A220-4C8A9D97FD82}.Release MFC|x64.ActiveCfg = Release MFC|Win32
		{02DD6A4A-93F8-4448-A220-4C8A9D97FD82}.Release|Any CPU.ActiveCfg = Release|x64
		{02DD6A4A-93F8-4448-A220-4C8A9D97FD82}.Release|Mixed Platforms.ActiveCfg = Release|Win32
		{02DD6A4A-93F8-4448-A220-4C8A9D97FD82}.Release|Mixed Platforms.Build.0 = Release|Win32
		{02DD6A4A-93F8-4448-A220-4C8A9D97FD82}.Release|Win32.ActiveCfg = Release|Win32
		{02DD6A4A-93F8-4448-A220-4C8A9D97FD82}.Release|Win32.Build.0 = Release|Win32
		{02DD6A4A-93F8-4448-A220-4C8A9D97FD82}.Release|x64.ActiveCfg = Release|x64
		{02DD6A4A-93F8-4448-A220-4C8A9D97FD82}.Release|x64.Build.0 = Release|x64
		{D383B5F1-052C-4ADB-908F-08374663AD56}.Debug MFC|Any CPU.ActiveCfg = Debug MFC|x64
		{D383B5F1-052C-4ADB-908F-08374663AD56}.Debug MFC|Mixed Platforms.ActiveCfg = Debug MFC|x64
		{D383B5F1-052C-4ADB-908F-08374663AD56}.Debug MFC|Mixed Platforms.Build.0 = Debug MFC|x64
		{D383B5F1-052C-4ADB-908F-08374663AD56}.Debug MFC|Win32.ActiveCfg = Debug MFC|Win32
		{D383B5F1-052C-4ADB-908F-08374663AD56}.Debug MFC|Win32.Build.0 = Debug MFC|Win32
		{D383B5F1-052C-4ADB-908F-08374663AD56}.Debug MFC|x64.ActiveCfg = Debug MFC|Win32
		{D383B5F1-052C-4ADB-908F-08374663AD56}.Debug|Any CPU.ActiveCfg = Debug|x64
		{D383B5F1-052C-4ADB-908F-08374663AD56}.Debug|Mixed Platforms.ActiveCfg = Debug|Win32
		{D383B5F1-052C-4ADB-908F-08374663AD56}.Debug|Mixed Platforms.Build.0 = Debug|Win32
		{D383B5F1-052C-4ADB-908F-08374663AD56}.Debug|Win32.ActiveCfg = Debug|Win32
		{D383B5F1-052C-4ADB-908F-08374663AD56}.Debug|Win32.Build.0 = Debug|Win32
		{D383B5F1-052C-4ADB-908F-08374663AD56}.Debug|x64.ActiveCfg = Debug|x64
		{D383B5F1-052C-4ADB-908F-08374663AD56}.Debug|x64.Build.0 = Debug|x64
		{D383B5F1-052C-4ADB-908F-08374663AD56}.Release MFC|Any CPU.ActiveCfg = Release MFC|x64
		{D383B5F1-052C-4ADB-908F-08374663AD56}.Release MFC|Mixed Platforms.ActiveCfg = Release MFC|x64
		{D383B5F1-052C-4ADB-908F-08374663AD56}.Release MFC|Mixed Platforms.Build.0 = Release MFC|x64
		{D383B5F1-052C-4ADB-908F-08374663AD56}.Release MFC|Win32.ActiveCfg = Release MFC|Win32
		{D383B5F1-052C-4ADB-908F-08374663AD56}.Release MFC|Win32.Build.0 = Release MFC|Win32
		{D383B5F1-052C-4ADB-908F-08374663AD56}.Release MFC|x64.ActiveCfg = Release MFC|Win32
		{D383B5F1-052C-4ADB-908F-08374663AD56}.Release|Any CPU.ActiveCfg = Release|x64
		{D383B5F1-052C-4ADB-908F-08374663AD56}.Release|Mixed Platforms.ActiveCfg = Release|Win32
		{D383B5F1-052C-4ADB-908F-08374663AD56}.Release|Mixed Platforms.Build.0 = Release|Win32
		{D383B5F1-052C-4ADB-908F-08374663AD56}.Release|Win32.ActiveCfg = Release|Win32
		{D383B5F1-052C-4ADB-908F-08374663AD56}.Release|Win32.Build.0 = Release|Win32
		{D383B5F1-052C-4ADB-908F-08374663AD56}.Release|x64.ActiveCfg = Release|x64
		{D383B5F1-052C-4ADB-908F-08374663AD56}.Release|x64.Build.0 = Release|x64
		{C971D90D-D01B-4675-9F93-78FDAD86EE5F}.Debug MFC|Any CPU.ActiveCfg = Debug|Win32
		{C971D90D-D01B-4675-9F93-78FDAD86EE5F}.Debug MFC|Mixed Platforms.ActiveCfg = Debug|Win32
		{C971D90D-D01B-4675-9F93-78FDAD86EE5F}.Debug MFC|Mixed Platforms.Build.0 = Debug|Win32
		{C971D90D-D01B-4675-9F93-78FDAD86EE5F}.Debug MFC|Win32.ActiveCfg = Debug|Win32
		{C971D90D-D01B-4675-9F93-78FDAD86EE5F}.Debug MFC|Win32.Build.0 = Debug|Win32
		{C971D90D-D01B-4675-9F93-78FDAD86EE5F}.Debug MFC|x64.ActiveCfg = Debug|Win32
		{C971D90D-D01B-4675-9F93-78FDAD86EE5F}.Debug|Any CPU.ActiveCfg = Debug|Win32
		{C971D90D-D01B-4675-9F93-78FDAD86EE5F}.Debug|Mixed Platforms.ActiveCfg = Debug|Win32
		{C971D90D-D01B-4675-9F93-78FDAD86EE5F}.Debug|Mixed Platforms.Build.0 = Debug|Win32
		{C971D90D-D01B-4675-9F93-78FDAD86EE5F}.Debug|Win32.ActiveCfg = Debug|Win32
		{C971D90D-D01B-4675-9F93-78FDAD86EE5F}.Debug|Win32.Build.0 = Debug|Win32
		{C971D90D-D01B-4675-9F93-78FDAD86EE5F}.Debug|x64.ActiveCfg = Debug|Win32
		{C971D90D-D01B-4675-9F93-78FDAD86EE5F}.Release MFC|Any CPU.ActiveCfg = Release|Win32
		{C971D90D-D01B-4675-9F93-78FDAD86EE5F}.Release MFC|Mixed Platforms.ActiveCfg = Release|Win32
		{C971D90D-D01B-4675-9F93-78FDAD86EE5F}.Release MFC|Mixed Platforms.Build.0 = Release|Win32
		{C971D90D-D01B-4675-9F93-78FDAD86EE5F}.Release MFC|Win32.ActiveCfg = Release|Win32
		{C971D90D-D01B-4675-9F93-78FDAD86EE5F}.Release MFC|Win32.Build.0 = Release|Win32
		{C971D90D-D01B-4675-9F93-78FDAD86EE5F}.Release MFC|x64.ActiveCfg = Release|Win32
		{C971D90D-D01B-4675-9F93-78FDAD86EE5F}.Release|Any CPU.ActiveCfg = Release|Win32
		{C971D90D-D01B-4675-9F93-78FDAD86EE5F}.Release|Mixed Platforms.ActiveCfg = Release|Win32
		{C971D90D-D01B-4675-9F93-78FDAD86EE5F}.Release|Mixed Platforms.Build.0 = Release|Win32
		{C971D90D-D01B-4675-9F93-78FDAD86EE5F}.Release|Win32.ActiveCfg = Release|Win32
		{C971D90D-D01B-4675-9F93-78FDAD86EE5F}.Release|Win32.Build.0 = Release|Win32
		{C971D90D-D01B-4675-9F93-78FDAD86EE5F}.Release|x64.ActiveCfg = Release|Win32
		{3552539A-0911-4365-8D0A-4DF46E229E07}.Debug MFC|Any CPU.ActiveCfg = Debug MFC|x64
		{3552539A-0911-4365-8D0A-4DF46E229E07}.Debug MFC|Mixed Platforms.ActiveCfg = Debug MFC|x64
		{3552539A-0911-4365-8D0A-4DF46E229E07}.Debug MFC|Mixed Platforms.Build.0 = Debug MFC|x64
		{3552539A-0911-4365-8D0A-4DF46E229E07}.Debug MFC|Win32.ActiveCfg = Debug MFC|Win32
		{3552539A-0911-4365-8D0A-4DF46E229E07}.Debug MFC|Win32.Build.0 = Debug MFC|Win32
		{3552539A-0911-4365-8D0A-4DF46E229E07}.Debug MFC|x64.ActiveCfg = Debug MFC|Win32
		{3552539A-0911-4365-8D0A-4DF46E229E07}.Debug|Any CPU.ActiveCfg = Debug|x64
		{3552539A-0911-4365-8D0A-4DF46E229E07}.Debug|Mixed Platforms.ActiveCfg = Debug|Win32
		{3552539A-0911-4365-8D0A-4DF46E229E07}.Debug|Mixed Platforms.Build.0 = Debug|Win32
		{3552539A-0911-4365-8D0A-4DF46E229E07}.Debug|Win32.ActiveCfg = Debug|Win32
		{3552539A-0911-4365-8D0A-4DF46E229E07}.Debug|Win32.Build.0 = Debug|Win32
		{3552539A-0911-4365-8D0A-4DF46E229E07}.Debug|x64.ActiveCfg = Debug|Win32
		{3552539A-0911-4365-8D0A-4DF46E229E07}.Release MFC|Any CPU.ActiveCfg = Release MFC|x64
		{3552539A-0911-4365-8D0A-4DF46E229E07}.Release MFC|Mixed Platforms.ActiveCfg = Release MFC|x64
		{3552539A-0911-4365-8D0A-4DF46E229E07}.Release MFC|Mixed Platforms.Build.0 = Release MFC|x64
		{3552539A-0911-4365-8D0A-4DF46E229E07}.Release MFC|Win32.ActiveCfg = Release MFC|Win32
		{3552539A-0911-4365-8D0A-4DF46E229E07}.Release MFC|Win32.Build.0 = Release MFC|Win32
		{3552539A-0911-4365-8D0A-4DF46E229E07}.Release MFC|x64.ActiveCfg = Release MFC|Win32
		{3552539A-0911-4365-8D0A-4DF46E229E07}.Release|Any CPU.ActiveCfg = Release|x64
		{3552539A-0911-4365-8D0A-4DF46E229E07}.Release|Mixed Platforms.ActiveCfg = Release|Win32
		{3552539A-0911-4365-8D0A-4DF46E229E07}.Release|Mixed Platforms.Build.0 = Release|Win32
		{3552539A-0911-4365-8D0A-4DF46E229E07}.Release|Win32.ActiveCfg = Release|Win32
		{3552539A-0911-4365-8D0A-4DF46E229E07}.Release|Win32.Build.0 = Release|Win32
		{3552539A-0911-4365-8D0A-4DF46E229E07}.Release|x64.ActiveCfg = Release|Win32
		{8A443861-54A7-4828-9AF2-9E3B22C84164}.Debug MFC|Any CPU.ActiveCfg = Debug|Any CPU
		{8A443861-54A7-4828-9AF2-9E3B22C84164}.Debug MFC|Any CPU.Build.0 = Debug|Any CPU
		{8A443861-54A7-4828-9AF2-9E3B22C84164}.Debug MFC|Mixed Platforms.ActiveCfg = Debug|Any CPU
		{8A443861-54A7-4828-9AF2-9E3B22C84164}.Debug MFC|Mixed Platforms.Build.0 = Debug|Any CPU
		{8A443861-54A7-4828-9AF2-9E3B22C84164}.Debug MFC|Win32.ActiveCfg = Debug|Any CPU
		{8A443861-54A7-4828-9AF2-9E3B22C84164}.Debug MFC|x64.ActiveCfg = Debug|Any CPU
		{8A443861-54A7-4828-9AF2-9E3B22C84164}.Debug|Any CPU.ActiveCfg = Debug|Any CPU
		{8A443861-54A7-4828-9AF2-9E3B22C84164}.Debug|Any CPU.Build.0 = Debug|Any CPU
		{8A443861-54A7-4828-9AF2-9E3B22C84164}.Debug|Mixed Platforms.ActiveCfg = Debug|Any CPU
		{8A443861-54A7-4828-9AF2-9E3B22C84164}.Debug|Mixed Platforms.Build.0 = Debug|Any CPU
		{8A443861-54A7-4828-9AF2-9E3B22C84164}.Debug|Win32.ActiveCfg = Debug|Any CPU
		{8A443861-54A7-4828-9AF2-9E3B22C84164}.Debug|Win32.Build.0 = Debug|Any CPU
		{8A443861-54A7-4828-9AF2-9E3B22C84164}.Debug|x64.ActiveCfg = Debug|Any CPU
		{8A443861-54A7-4828-9AF2-9E3B22C84164}.Release MFC|Any CPU.ActiveCfg = Release|Any CPU
		{8A443861-54A7-4828-9AF2-9E3B22C84164}.Release MFC|Any CPU.Build.0 = Release|Any CPU
		{8A443861-54A7-4828-9AF2-9E3B22C84164}.Release MFC|Mixed Platforms.ActiveCfg = Release|Any CPU
		{8A443861-54A7-4828-9AF2-9E3B22C84164}.Release MFC|Mixed Platforms.Build.0 = Release|Any CPU
		{8A443861-54A7-4828-9AF2-9E3B22C84164}.Release MFC|Win32.ActiveCfg = Release|Any CPU
		{8A443861-54A7-4828-9AF2-9E3B22C84164}.Release MFC|x64.ActiveCfg = Release|Any CPU
		{8A443861-54A7-4828-9AF2-9E3B22C84164}.Release|Any CPU.ActiveCfg = Release|Any CPU
		{8A443861-54A7-4828-9AF2-9E3B22C84164}.Release|Any CPU.Build.0 = Release|Any CPU
		{8A443861-54A7-4828-9AF2-9E3B22C84164}.Release|Mixed Platforms.ActiveCfg = Release|Any CPU
		{8A443861-54A7-4828-9AF2-9E3B22C84164}.Release|Mixed Platforms.Build.0 = Release|Any CPU
		{8A443861-54A7-4828-9AF2-9E3B22C84164}.Release|Win32.ActiveCfg = Release|Any CPU
		{8A443861-54A7-4828-9AF2-9E3B22C84164}.Release|Win32.Build.0 = Release|Any CPU
		{8A443861-54A7-4828-9AF2-9E3B22C84164}.Release|x64.ActiveCfg = Release|Any CPU
		{D71435CD-B68B-4780-BCE8-20926D59ACE2}.Debug MFC|Any CPU.ActiveCfg = Debug|Any CPU
		{D71435CD-B68B-4780-BCE8-20926D59ACE2}.Debug MFC|Any CPU.Build.0 = Debug|Any CPU
		{D71435CD-B68B-4780-BCE8-20926D59ACE2}.Debug MFC|Mixed Platforms.ActiveCfg = Debug|Any CPU
		{D71435CD-B68B-4780-BCE8-20926D59ACE2}.Debug MFC|Mixed Platforms.Build.0 = Debug|Any CPU
		{D71435CD-B68B-4780-BCE8-20926D59ACE2}.Debug MFC|Win32.ActiveCfg = Debug|Any CPU
		{D71435CD-B68B-4780-BCE8-20926D59ACE2}.Debug MFC|x64.ActiveCfg = Debug|Any CPU
		{D71435CD-B68B-4780-BCE8-20926D59ACE2}.Debug|Any CPU.ActiveCfg = Debug|Any CPU
		{D71435CD-B68B-4780-BCE8-20926D59ACE2}.Debug|Any CPU.Build.0 = Debug|Any CPU
		{D71435CD-B68B-4780-BCE8-20926D59ACE2}.Debug|Mixed Platforms.ActiveCfg = Debug|Any CPU
		{D71435CD-B68B-4780-BCE8-20926D59ACE2}.Debug|Mixed Platforms.Build.0 = Debug|Any CPU
		{D71435CD-B68B-4780-BCE8-20926D59ACE2}.Debug|Win32.ActiveCfg = Debug|Any CPU
		{D71435CD-B68B-4780-BCE8-20926D59ACE2}.Debug|Win32.Build.0 = Debug|Any CPU
		{D71435CD-B68B-4780-BCE8-20926D59ACE2}.Debug|x64.ActiveCfg = Debug|Any CPU
		{D71435CD-B68B-4780-BCE8-20926D59ACE2}.Release MFC|Any CPU.ActiveCfg = Release|Any CPU
		{D71435CD-B68B-4780-BCE8-20926D59ACE2}.Release MFC|Any CPU.Build.0 = Release|Any CPU
		{D71435CD-B68B-4780-BCE8-20926D59ACE2}.Release MFC|Mixed Platforms.ActiveCfg = Release|Any CPU
		{D71435CD-B68B-4780-BCE8-20926D59ACE2}.Release MFC|Mixed Platforms.Build.0 = Release|Any CPU
		{D71435CD-B68B-4780-BCE8-20926D59ACE2}.Release MFC|Win32.ActiveCfg = Release|Any CPU
		{D71435CD-B68B-4780-BCE8-20926D59ACE2}.Release MFC|x64.ActiveCfg = Release|Any CPU
		{D71435CD-B68B-4780-BCE8-20926D59ACE2}.Release|Any CPU.ActiveCfg = Release|Any CPU
		{D71435CD-B68B-4780-BCE8-20926D59ACE2}.Release|Any CPU.Build.0 = Release|Any CPU
		{D71435CD-B68B-4780-BCE8-20926D59ACE2}.Release|Mixed Platforms.ActiveCfg = Release|Any CPU
		{D71435CD-B68B-4780-BCE8-20926D59ACE2}.Release|Mixed Platforms.Build.0 = Release|Any CPU
		{D71435CD-B68B-4780-BCE8-20926D59ACE2}.Release|Win32.ActiveCfg = Release|Any CPU
		{D71435CD-B68B-4780-BCE8-20926D59ACE2}.Release|Win32.Build.0 = Release|Any CPU
		{D71435CD-B68B-4780-BCE8-20926D59ACE2}.Release|x64.ActiveCfg = Release|Any CPU
		{16A6E821-8E39-4D05-989B-E971437717F1}.Debug MFC|Any CPU.ActiveCfg = Debug|Any CPU
		{16A6E821-8E39-4D05-989B-E971437717F1}.Debug MFC|Any CPU.Build.0 = Debug|Any CPU
		{16A6E821-8E39-4D05-989B-E971437717F1}.Debug MFC|Mixed Platforms.ActiveCfg = Debug|Any CPU
		{16A6E821-8E39-4D05-989B-E971437717F1}.Debug MFC|Mixed Platforms.Build.0 = Debug|Any CPU
		{16A6E821-8E39-4D05-989B-E971437717F1}.Debug MFC|Win32.ActiveCfg = Debug|Any CPU
		{16A6E821-8E39-4D05-989B-E971437717F1}.Debug MFC|x64.ActiveCfg = Debug|Any CPU
		{16A6E821-8E39-4D05-989B-E971437717F1}.Debug|Any CPU.ActiveCfg = Debug|Any CPU
		{16A6E821-8E39-4D05-989B-E971437717F1}.Debug|Any CPU.Build.0 = Debug|Any CPU
		{16A6E821-8E39-4D05-989B-E971437717F1}.Debug|Mixed Platforms.ActiveCfg = Debug|Any CPU
		{16A6E821-8E39-4D05-989B-E971437717F1}.Debug|Mixed Platforms.Build.0 = Debug|Any CPU
		{16A6E821-8E39-4D05-989B-E971437717F1}.Debug|Win32.ActiveCfg = Debug|Any CPU
		{16A6E821-8E39-4D05-989B-E971437717F1}.Debug|Win32.Build.0 = Debug|Any CPU
		{16A6E821-8E39-4D05-989B-E971437717F1}.Debug|x64.ActiveCfg = Debug|Any CPU
		{16A6E821-8E39-4D05-989B-E971437717F1}.Release MFC|Any CPU.ActiveCfg = Release|Any CPU
		{16A6E821-8E39-4D05-989B-E971437717F1}.Release MFC|Any CPU.Build.0 = Release|Any CPU
		{16A6E821-8E39-4D05-989B-E971437717F1}.Release MFC|Mixed Platforms.ActiveCfg = Release|Any CPU
		{16A6E821-8E39-4D05-989B-E971437717F1}.Release MFC|Mixed Platforms.Build.0 = Release|Any CPU
		{16A6E821-8E39-4D05-989B-E971437717F1}.Release MFC|Win32.ActiveCfg = Release|Any CPU
		{16A6E821-8E39-4D05-989B-E971437717F1}.Release MFC|x64.ActiveCfg = Release|Any CPU
		{16A6E821-8E39-4D05-989B-E971437717F1}.Release|Any CPU.ActiveCfg = Release|Any CPU
		{16A6E821-8E39-4D05-989B-E971437717F1}.Release|Any CPU.Build.0 = Release|Any CPU
		{16A6E821-8E39-4D05-989B-E971437717F1}.Release|Mixed Platforms.ActiveCfg = Release|Any CPU
		{16A6E821-8E39-4D05-989B-E971437717F1}.Release|Mixed Platforms.Build.0 = Release|Any CPU
		{16A6E821-8E39-4D05-989B-E971437717F1}.Release|Win32.ActiveCfg = Release|Any CPU
		{16A6E821-8E39-4D05-989B-E971437717F1}.Release|Win32.Build.0 = Release|Any CPU
		{16A6E821-8E39-4D05-989B-E971437717F1}.Release|x64.ActiveCfg = Release|Any CPU
		{4585FEAF-F9C0-4C95-89AA-211EC258542E}.Debug MFC|Any CPU.ActiveCfg = Debug|Any CPU
		{4585FEAF-F9C0-4C95-89AA-211EC258542E}.Debug MFC|Any CPU.Build.0 = Debug|Any CPU
		{4585FEAF-F9C0-4C95-89AA-211EC258542E}.Debug MFC|Mixed Platforms.ActiveCfg = Debug|Any CPU
		{4585FEAF-F9C0-4C95-89AA-211EC258542E}.Debug MFC|Mixed Platforms.Build.0 = Debug|Any CPU
		{4585FEAF-F9C0-4C95-89AA-211EC258542E}.Debug MFC|Win32.ActiveCfg = Debug|Any CPU
		{4585FEAF-F9C0-4C95-89AA-211EC258542E}.Debug MFC|x64.ActiveCfg = Debug|Any CPU
		{4585FEAF-F9C0-4C95-89AA-211EC258542E}.Debug|Any CPU.ActiveCfg = Debug|Any CPU
		{4585FEAF-F9C0-4C95-89AA-211EC258542E}.Debug|Any CPU.Build.0 = Debug|Any CPU
		{4585FEAF-F9C0-4C95-89AA-211EC258542E}.Debug|Mixed Platforms.ActiveCfg = Debug|Any CPU
		{4585FEAF-F9C0-4C95-89AA-211EC258542E}.Debug|Mixed Platforms.Build.0 = Debug|Any CPU
		{4585FEAF-F9C0-4C95-89AA-211EC258542E}.Debug|Win32.ActiveCfg = Debug|Any CPU
		{4585FEAF-F9C0-4C95-89AA-211EC258542E}.Debug|Win32.Build.0 = Debug|Any CPU
		{4585FEAF-F9C0-4C95-89AA-211EC258542E}.Debug|x64.ActiveCfg = Debug|Any CPU
		{4585FEAF-F9C0-4C95-89AA-211EC258542E}.Release MFC|Any CPU.ActiveCfg = Release|Any CPU
		{4585FEAF-F9C0-4C95-89AA-211EC258542E}.Release MFC|Any CPU.Build.0 = Release|Any CPU
		{4585FEAF-F9C0-4C95-89AA-211EC258542E}.Release MFC|Mixed Platforms.ActiveCfg = Release|Any CPU
		{4585FEAF-F9C0-4C95-89AA-211EC258542E}.Release MFC|Mixed Platforms.Build.0 = Release|Any CPU
		{4585FEAF-F9C0-4C95-89AA-211EC258542E}.Release MFC|Win32.ActiveCfg = Release|Any CPU
		{4585FEAF-F9C0-4C95-89AA-211EC258542E}.Release MFC|x64.ActiveCfg = Release|Any CPU
		{4585FEAF-F9C0-4C95-89AA-211EC258542E}.Release|Any CPU.ActiveCfg = Release|Any CPU
		{4585FEAF-F9C0-4C95-89AA-211EC258542E}.Release|Any CPU.Build.0 = Release|Any CPU
		{4585FEAF-F9C0-4C95-89AA-211EC258542E}.Release|Mixed Platforms.ActiveCfg = Release|Any CPU
		{4585FEAF-F9C0-4C95-89AA-211EC258542E}.Release|Mixed Platforms.Build.0 = Release|Any CPU
		{4585FEAF-F9C0-4C95-89AA-211EC258542E}.Release|Win32.ActiveCfg = Release|Any CPU
		{4585FEAF-F9C0-4C95-89AA-211EC258542E}.Release|Win32.Build.0 = Release|Any CPU
		{4585FEAF-F9C0-4C95-89AA-211EC258542E}.Release|x64.ActiveCfg = Release|Any CPU
		{27308E2C-4D36-4CEA-AF38-758E3FDD40EF}.Debug MFC|Any CPU.ActiveCfg = Debug|Win32
		{27308E2C-4D36-4CEA-AF38-758E3FDD40EF}.Debug MFC|Mixed Platforms.ActiveCfg = Debug|Win32
		{27308E2C-4D36-4CEA-AF38-758E3FDD40EF}.Debug MFC|Mixed Platforms.Build.0 = Debug|Win32
		{27308E2C-4D36-4CEA-AF38-758E3FDD40EF}.Debug MFC|Win32.ActiveCfg = Debug|Win32
		{27308E2C-4D36-4CEA-AF38-758E3FDD40EF}.Debug MFC|Win32.Build.0 = Debug|Win32
		{27308E2C-4D36-4CEA-AF38-758E3FDD40EF}.Debug MFC|x64.ActiveCfg = Debug|Win32
		{27308E2C-4D36-4CEA-AF38-758E3FDD40EF}.Debug|Any CPU.ActiveCfg = Debug|Win32
		{27308E2C-4D36-4CEA-AF38-758E3FDD40EF}.Debug|Mixed Platforms.ActiveCfg = Debug|Win32
		{27308E2C-4D36-4CEA-AF38-758E3FDD40EF}.Debug|Mixed Platforms.Build.0 = Debug|Win32
		{27308E2C-4D36-4CEA-AF38-758E3FDD40EF}.Debug|Win32.ActiveCfg = Debug|Win32
		{27308E2C-4D36-4CEA-AF38-758E3FDD40EF}.Debug|Win32.Build.0 = Debug|Win32
		{27308E2C-4D36-4CEA-AF38-758E3FDD40EF}.Debug|x64.ActiveCfg = Debug|Win32
		{27308E2C-4D36-4CEA-AF38-758E3FDD40EF}.Release MFC|Any CPU.ActiveCfg = Release|Win32
		{27308E2C-4D36-4CEA-AF38-758E3FDD40EF}.Release MFC|Mixed Platforms.ActiveCfg = Release|Win32
		{27308E2C-4D36-4CEA-AF38-758E3FDD40EF}.Release MFC|Mixed Platforms.Build.0 = Release|Win32
		{27308E2C-4D36-4CEA-AF38-758E3FDD40EF}.Release MFC|Win32.ActiveCfg = Release|Win32
		{27308E2C-4D36-4CEA-AF38-758E3FDD40EF}.Release MFC|Win32.Build.0 = Release|Win32
		{27308E2C-4D36-4CEA-AF38-758E3FDD40EF}.Release MFC|x64.ActiveCfg = Release|Win32
		{27308E2C-4D36-4CEA-AF38-758E3FDD40EF}.Release|Any CPU.ActiveCfg = Release|Win32
		{27308E2C-4D36-4CEA-AF38-758E3FDD40EF}.Release|Mixed Platforms.ActiveCfg = Release|Win32
		{27308E2C-4D36-4CEA-AF38-758E3FDD40EF}.Release|Mixed Platforms.Build.0 = Release|Win32
		{27308E2C-4D36-4CEA-AF38-758E3FDD40EF}.Release|Win32.ActiveCfg = Release|Win32
		{27308E2C-4D36-4CEA-AF38-758E3FDD40EF}.Release|Win32.Build.0 = Release|Win32
		{27308E2C-4D36-4CEA-AF38-758E3FDD40EF}.Release|x64.ActiveCfg = Release|Win32
		{802279DE-2904-4E93-8DF3-1C0D0645F961}.Debug MFC|Any CPU.ActiveCfg = Debug|Win32
		{802279DE-2904-4E93-8DF3-1C0D0645F961}.Debug MFC|Mixed Platforms.ActiveCfg = Debug|Win32
		{802279DE-2904-4E93-8DF3-1C0D0645F961}.Debug MFC|Mixed Platforms.Build.0 = Debug|Win32
		{802279DE-2904-4E93-8DF3-1C0D0645F961}.Debug MFC|Win32.ActiveCfg = Debug|Win32
		{802279DE-2904-4E93-8DF3-1C0D0645F961}.Debug MFC|Win32.Build.0 = Debug|Win32
		{802279DE-2904-4E93-8DF3-1C0D0645F961}.Debug MFC|x64.ActiveCfg = Debug|Win32
		{802279DE-2904-4E93-8DF3-1C0D0645F961}.Debug|Any CPU.ActiveCfg = Debug|Win32
		{802279DE-2904-4E93-8DF3-1C0D0645F961}.Debug|Mixed Platforms.ActiveCfg = Debug|Win32
		{802279DE-2904-4E93-8DF3-1C0D0645F961}.Debug|Mixed Platforms.Build.0 = Debug|Win32
		{802279DE-2904-4E93-8DF3-1C0D0645F961}.Debug|Win32.ActiveCfg = Debug|Win32
		{802279DE-2904-4E93-8DF3-1C0D0645F961}.Debug|Win32.Build.0 = Debug|Win32
		{802279DE-2904-4E93-8DF3-1C0D0645F961}.Debug|x64.ActiveCfg = Debug|Win32
		{802279DE-2904-4E93-8DF3-1C0D0645F961}.Release MFC|Any CPU.ActiveCfg = Release|Win32
		{802279DE-2904-4E93-8DF3-1C0D0645F961}.Release MFC|Mixed Platforms.ActiveCfg = Release|Win32
		{802279DE-2904-4E93-8DF3-1C0D0645F961}.Release MFC|Mixed Platforms.Build.0 = Release|Win32
		{802279DE-2904-4E93-8DF3-1C0D0645F961}.Release MFC|Win32.ActiveCfg = Release|Win32
		{802279DE-2904-4E93-8DF3-1C0D0645F961}.Release MFC|Win32.Build.0 = Release|Win32
		{802279DE-2904-4E93-8DF3-1C0D0645F961}.Release MFC|x64.ActiveCfg = Release|Win32
		{802279DE-2904-4E93-8DF3-1C0D0645F961}.Release|Any CPU.ActiveCfg = Release|Win32
		{802279DE-2904-4E93-8DF3-1C0D0645F961}.Release|Mixed Platforms.ActiveCfg = Release|Win32
		{802279DE-2904-4E93-8DF3-1C0D0645F961}.Release|Mixed Platforms.Build.0 = Release|Win32
		{802279DE-2904-4E93-8DF3-1C0D0645F961}.Release|Win32.ActiveCfg = Release|Win32
		{802279DE-2904-4E93-8DF3-1C0D0645F961}.Release|Win32.Build.0 = Release|Win32
		{802279DE-2904-4E93-8DF3-1C0D0645F961}.Release|x64.ActiveCfg = Release|Win32
		{B2572161-0CE1-4C30-AE0E-146F7C9D51BF}.Debug MFC|Any CPU.ActiveCfg = Debug|Win32
		{B2572161-0CE1-4C30-AE0E-146F7C9D51BF}.Debug MFC|Mixed Platforms.ActiveCfg = Debug|Win32
		{B2572161-0CE1-4C30-AE0E-146F7C9D51BF}.Debug MFC|Mixed Platforms.Build.0 = Debug|Win32
		{B2572161-0CE1-4C30-AE0E-146F7C9D51BF}.Debug MFC|Win32.ActiveCfg = Debug|Win32
		{B2572161-0CE1-4C30-AE0E-146F7C9D51BF}.Debug MFC|Win32.Build.0 = Debug|Win32
		{B2572161-0CE1-4C30-AE0E-146F7C9D51BF}.Debug MFC|x64.ActiveCfg = Debug|Win32
		{B2572161-0CE1-4C30-AE0E-146F7C9D51BF}.Debug|Any CPU.ActiveCfg = Debug|Win32
		{B2572161-0CE1-4C30-AE0E-146F7C9D51BF}.Debug|Mixed Platforms.ActiveCfg = Debug|Win32
		{B2572161-0CE1-4C30-AE0E-146F7C9D51BF}.Debug|Mixed Platforms.Build.0 = Debug|Win32
		{B2572161-0CE1-4C30-AE0E-146F7C9D51BF}.Debug|Win32.ActiveCfg = Debug|Win32
		{B2572161-0CE1-4C30-AE0E-146F7C9D51BF}.Debug|Win32.Build.0 = Debug|Win32
		{B2572161-0CE1-4C30-AE0E-146F7C9D51BF}.Debug|x64.ActiveCfg = Debug|Win32
		{B2572161-0CE1-4C30-AE0E-146F7C9D51BF}.Release MFC|Any CPU.ActiveCfg = Release|Win32
		{B2572161-0CE1-4C30-AE0E-146F7C9D51BF}.Release MFC|Mixed Platforms.ActiveCfg = Release|Win32
		{B2572161-0CE1-4C30-AE0E-146F7C9D51BF}.Release MFC|Mixed Platforms.Build.0 = Release|Win32
		{B2572161-0CE1-4C30-AE0E-146F7C9D51BF}.Release MFC|Win32.ActiveCfg = Release|Win32
		{B2572161-0CE1-4C30-AE0E-146F7C9D51BF}.Release MFC|Win32.Build.0 = Release|Win32
		{B2572161-0CE1-4C30-AE0E-146F7C9D51BF}.Release MFC|x64.ActiveCfg = Release|Win32
		{B2572161-0CE1-4C30-AE0E-146F7C9D51BF}.Release|Any CPU.ActiveCfg = Release|Win32
		{B2572161-0CE1-4C30-AE0E-146F7C9D51BF}.Release|Mixed Platforms.ActiveCfg = Release|Win32
		{B2572161-0CE1-4C30-AE0E-146F7C9D51BF}.Release|Mixed Platforms.Build.0 = Release|Win32
		{B2572161-0CE1-4C30-AE0E-146F7C9D51BF}.Release|Win32.ActiveCfg = Release|Win32
		{B2572161-0CE1-4C30-AE0E-146F7C9D51BF}.Release|Win32.Build.0 = Release|Win32
		{B2572161-0CE1-4C30-AE0E-146F7C9D51BF}.Release|x64.ActiveCfg = Release|Win32
		{BA099339-96AF-4D97-A4E6-D8775D2C7931}.Debug MFC|Any CPU.ActiveCfg = Debug|Win32
		{BA099339-96AF-4D97-A4E6-D8775D2C7931}.Debug MFC|Mixed Platforms.ActiveCfg = Debug|Win32
		{BA099339-96AF-4D97-A4E6-D8775D2C7931}.Debug MFC|Mixed Platforms.Build.0 = Debug|Win32
		{BA099339-96AF-4D97-A4E6-D8775D2C7931}.Debug MFC|Win32.ActiveCfg = Debug|Win32
		{BA099339-96AF-4D97-A4E6-D8775D2C7931}.Debug MFC|Win32.Build.0 = Debug|Win32
		{BA099339-96AF-4D97-A4E6-D8775D2C7931}.Debug MFC|x64.ActiveCfg = Debug|Win32
		{BA099339-96AF-4D97-A4E6-D8775D2C7931}.Debug|Any CPU.ActiveCfg = Debug|Win32
		{BA099339-96AF-4D97-A4E6-D8775D2C7931}.Debug|Mixed Platforms.ActiveCfg = Debug|Win32
		{BA099339-96AF-4D97-A4E6-D8775D2C7931}.Debug|Mixed Platforms.Build.0 = Debug|Win32
		{BA099339-96AF-4D97-A4E6-D8775D2C7931}.Debug|Win32.ActiveCfg = Debug|Win32
		{BA099339-96AF-4D97-A4E6-D8775D2C7931}.Debug|Win32.Build.0 = Debug|Win32
		{BA099339-96AF-4D97-A4E6-D8775D2C7931}.Debug|x64.ActiveCfg = Debug|Win32
		{BA099339-96AF-4D97-A4E6-D8775D2C7931}.Release MFC|Any CPU.ActiveCfg = Release|Win32
		{BA099339-96AF-4D97-A4E6-D8775D2C7931}.Release MFC|Mixed Platforms.ActiveCfg = Release|Win32
		{BA099339-96AF-4D97-A4E6-D8775D2C7931}.Release MFC|Mixed Platforms.Build.0 = Release|Win32
		{BA099339-96AF-4D97-A4E6-D8775D2C7931}.Release MFC|Win32.ActiveCfg = Release|Win32
		{BA099339-96AF-4D97-A4E6-D8775D2C7931}.Release MFC|Win32.Build.0 = Release|Win32
		{BA099339-96AF-4D97-A4E6-D8775D2C7931}.Release MFC|x64.ActiveCfg = Release|Win32
		{BA099339-96AF-4D97-A4E6-D8775D2C7931}.Release|Any CPU.ActiveCfg = Release|Win32
		{BA099339-96AF-4D97-A4E6-D8775D2C7931}.Release|Mixed Platforms.ActiveCfg = Release|Win32
		{BA099339-96AF-4D97-A4E6-D8775D2C7931}.Release|Mixed Platforms.Build.0 = Release|Win32
		{BA099339-96AF-4D97-A4E6-D8775D2C7931}.Release|Win32.ActiveCfg = Release|Win32
		{BA099339-96AF-4D97-A4E6-D8775D2C7931}.Release|Win32.Build.0 = Release|Win32
		{BA099339-96AF-4D97-A4E6-D8775D2C7931}.Release|x64.ActiveCfg = Release|Win32
	EndGlobalSection
	GlobalSection(SolutionProperties) = preSolution
		HideSolutionNode = FALSE
	EndGlobalSection
EndGlobal
